<Solution>
  <Folder Name="/src/">
    <Project Path="FightClub.Api/FightClub.Api.csproj" />
    <Project Path="FightClub.Application/FightClub.Application.csproj" />
    <Project Path="FightClub.Domain/FightClub.Domain.csproj" />
    <Project Path="FightClub.Infrastructure/FightClub.Infrastructure.csproj" />
  </Folder>
  <Folder Name="/Tests/" />
</Solution>
